
Microsoft Visual Studio Solution File, Format Version 12.00
# Visual Studio Version 16
VisualStudioVersion = 16.0.31019.35
MinimumVisualStudioVersion = 10.0.40219.1
Project("{9A19103F-16F7-4668-BE54-9A1E7A4F7556}") = "Empresa", "Empresa\Empresa.csproj", "{D9D7864E-5D98-4904-93C3-CFC2A2C5311F}"
EndProject
Global
	GlobalSection(SolutionConfigurationPlatforms) = preSolution
		Debug|Any CPU = Debug|Any CPU
		Release|Any CPU = Release|Any CPU
	EndGlobalSection
	GlobalSection(ProjectConfigurationPlatforms) = postSolution
		{D9D7864E-5D98-4904-93C3-CFC2A2C5311F}.Debug|Any CPU.ActiveCfg = Debug|Any CPU
		{D9D7864E-5D98-4904-93C3-CFC2A2C5311F}.Debug|Any CPU.Build.0 = Debug|Any CPU
		{D9D7864E-5D98-4904-93C3-CFC2A2C5311F}.Release|Any CPU.ActiveCfg = Release|Any CPU
		{D9D7864E-5D98-4904-93C3-CFC2A2C5311F}.Release|Any CPU.Build.0 = Release|Any CPU
	EndGlobalSection
	GlobalSection(SolutionProperties) = preSolution
		HideSolutionNode = FALSE
	EndGlobalSection
	GlobalSection(ExtensibilityGlobals) = postSolution
		SolutionGuid = {AB538F51-A09A-4AE7-ADD3-376BDA53401C}
	EndGlobalSection
EndGlobal
